
Microsoft Visual Studio Solution File, Format Version 12.00
# Visual Studio Version 17
VisualStudioVersion = 17.14.36327.8
MinimumVisualStudioVersion = 10.0.40219.1
Project("{FAE04EC0-301F-11D3-BF4B-00C04F79EFBC}") = "ZTimePlanner.PoC", "ZTimePlanner.PoC\ZTimePlanner.PoC.csproj", "{2D4AD236-240D-48D1-B38C-0D67327109D4}"
EndProject
Project("{FAE04EC0-301F-11D3-BF4B-00C04F79EFBC}") = "ZTimePlanner.Controls", "ZTimePlanner.Controls\ZTimePlanner.Controls.csproj", "{6E0BF812-4BF9-4467-80EE-35DE5A9299AE}"
EndProject
Project("{FAE04EC0-301F-11D3-BF4B-00C04F79EFBC}") = "ZTimePlanner.ControlsTestApp", "ZTimePlanner.ControlsTestApp\ZTimePlanner.ControlsTestApp.csproj", "{851712BE-AD4F-45D7-997A-C95D95098AC8}"
EndProject
Global
	GlobalSection(SolutionConfigurationPlatforms) = preSolution
		Debug|Any CPU = Debug|Any CPU
		Release|Any CPU = Release|Any CPU
	EndGlobalSection
	GlobalSection(ProjectConfigurationPlatforms) = postSolution
		{2D4AD236-240D-48D1-B38C-0D67327109D4}.Debug|Any CPU.ActiveCfg = Debug|Any CPU
		{2D4AD236-240D-48D1-B38C-0D67327109D4}.Debug|Any CPU.Build.0 = Debug|Any CPU
		{2D4AD236-240D-48D1-B38C-0D67327109D4}.Release|Any CPU.ActiveCfg = Release|Any CPU
		{2D4AD236-240D-48D1-B38C-0D67327109D4}.Release|Any CPU.Build.0 = Release|Any CPU
		{6E0BF812-4BF9-4467-80EE-35DE5A9299AE}.Debug|Any CPU.ActiveCfg = Debug|Any CPU
		{6E0BF812-4BF9-4467-80EE-35DE5A9299AE}.Debug|Any CPU.Build.0 = Debug|Any CPU
		{6E0BF812-4BF9-4467-80EE-35DE5A9299AE}.Release|Any CPU.ActiveCfg = Release|Any CPU
		{6E0BF812-4BF9-4467-80EE-35DE5A9299AE}.Release|Any CPU.Build.0 = Release|Any CPU
		{851712BE-AD4F-45D7-997A-C95D95098AC8}.Debug|Any CPU.ActiveCfg = Debug|Any CPU
		{851712BE-AD4F-45D7-997A-C95D95098AC8}.Debug|Any CPU.Build.0 = Debug|Any CPU
		{851712BE-AD4F-45D7-997A-C95D95098AC8}.Release|Any CPU.ActiveCfg = Release|Any CPU
		{851712BE-AD4F-45D7-997A-C95D95098AC8}.Release|Any CPU.Build.0 = Release|Any CPU
	EndGlobalSection
	GlobalSection(SolutionProperties) = preSolution
		HideSolutionNode = FALSE
	EndGlobalSection
	GlobalSection(ExtensibilityGlobals) = postSolution
		SolutionGuid = {E8A62958-7F66-41FD-BA80-E527328BAE62}
	EndGlobalSection
EndGlobal
